# This file may be used to create an environment using:
# $ conda create --name <env> --file <this file>
# platform: linux-64
@EXPLICIT
https://repo.anaconda.com/pkgs/main/linux-64/_libgcc_mutex-0.1-main.conda#c3473ff8bdb3d124ed5ff11ec380d6f9
https://repo.anaconda.com/pkgs/main/linux-64/intel-openmp-2021.4.0-h06a4308_3561.conda#15d9e331499432d8e22935c1d3b5d2a1
https://conda.anaconda.org/conda-forge/linux-64/libgomp-16.2.0-he0feb66_4.conda#89d2c1231f47bd818f5d624b9411459d
https://repo.anaconda.com/pkgs/main/linux-64/ripgrep-12.1.1-0.conda#fb7a5cc01742dcf093a43edae37b1ea1
https://repo.anaconda.com/pkgs/main/noarch/tzdata-2021e-hda174b7_0.conda#b4aabe2891554c7ca519606b879c0ecd
https://conda.anaconda.org/conda-forge/noarch/ca-certificates-2026.7.22-hbd8a1cb_0.conda#0f51e2391ade309db462a55611263e9c
https://conda.anaconda.org/nvidia/linux-64/cuda-cudart-12.1.105-0.tar.bz2#001823a01c0d49300fd9622c4578eb40
https://conda.anaconda.org/nvidia/linux-64/cuda-cupti-12.1.105-0.tar.bz2#c0bfa9a714fd8099e085c70ab2ebe6ec
https://conda.anaconda.org/nvidia/linux-64/cuda-nvrtc-12.1.105-0.tar.bz2#12c15423c4eeb41fee6df3a2e5ab53ab
https://conda.anaconda.org/nvidia/linux-64/cuda-nvtx-12.1.105-0.tar.bz2#813ed3c0b687b8bb5daebf43889d8317
https://conda.anaconda.org/nvidia/noarch/cuda-version-12.9-h4f385c5_4.conda#fba5fadcfb1806a9619e729c47667416
https://conda.anaconda.org/conda-forge/noarch/font-ttf-dejavu-sans-mono-2.37-hab24e00_0.tar.bz2#0c96522c6bdaed4b1566d11387caaf45
https://conda.anaconda.org/conda-forge/noarch/font-ttf-inconsolata-3.000-h77eed37_0.tar.bz2#34893075a5c9e55cdafac56607368fc6
https://conda.anaconda.org/conda-forge/noarch/font-ttf-source-code-pro-2.038-h77eed37_0.tar.bz2#4d59c254e01d9cde7957100457e2d5fb
https://conda.anaconda.org/conda-forge/noarch/font-ttf-ubuntu-0.83-h77eed37_3.conda#49023d73832ef61042f6a237cb2687e7
https://conda.anaconda.org/conda-forge/linux-64/ld_impl_linux-64-2.46.1-bootstrap_ha15bf96_2.conda#2c238120d4d57c422d6671036eae76a8
https://conda.anaconda.org/nvidia/linux-64/libcublas-12.1.0.26-0.tar.bz2#74f872929a02e01ef746a064fa46a80c
https://conda.anaconda.org/nvidia/linux-64/libcufft-11.0.2.4-0.tar.bz2#b53f7ea28a363eb6d218bcbffb9d26aa
https://conda.anaconda.org/nvidia/linux-64/libcusolver-11.4.4.55-0.tar.bz2#2d2fe4a7af91ec8a1eee7f1f0cf7b050
https://conda.anaconda.org/nvidia/linux-64/libcusparse-12.0.2.55-0.tar.bz2#c295ea64ea0654af0cbe833431de6daa
https://conda.anaconda.org/conda-forge/linux-64/libglvnd-1.7.0-ha4b6fd6_5.conda#cfcf11edcfd4acf0094771a9c3b8587f
https://conda.anaconda.org/nvidia/linux-64/libnpp-12.0.2.50-0.tar.bz2#072e390c1e0e4909bdd7508dd6af1474
https://conda.anaconda.org/nvidia/linux-64/libnvjitlink-12.1.105-0.tar.bz2#0155acf6f5117613ba17c65d9be4f2f1
https://conda.anaconda.org/nvidia/linux-64/libnvjpeg-12.1.1.14-0.tar.bz2#4dea93d43adfd03388b31f2ae9892558
https://conda.anaconda.org/conda-forge/noarch/python_abi-3.8-9_cp38.conda#3ac64ed0f76dd83db3b262eeeef226de
https://conda.anaconda.org/pytorch/noarch/pytorch-mutex-1.0-cuda.tar.bz2#a948316e36fb5b11223b3fcfa93f8358
https://conda.anaconda.org/conda-forge/noarch/fonts-conda-forge-1-hc364b38_1.conda#a7970cd949a077b7cb9696379d338681
https://conda.anaconda.org/conda-forge/linux-64/libopengl-1.7.0-ha4b6fd6_5.conda#d207a2e9bae9da476bc0a603215d5167
https://conda.anaconda.org/conda-forge/noarch/fonts-conda-ecosystem-1-0.tar.bz2#fee5683a3f04bd15cbd8318b096a27ab
https://conda.anaconda.org/conda-forge/linux-64/_openmp_mutex-4.5-8_kmp_llvm.conda#b4d1b93dd1dab4eea23395fd5e5b357d
https://conda.anaconda.org/conda-forge/linux-64/libgcc-16.2.0-ha9f2e26_4.conda#cba14d01083fc62ffd32c24d7d390633
https://conda.anaconda.org/conda-forge/linux-64/bzip2-1.0.8-hda65f42_10.conda#e675fabcf81499adc7edf58124fb1e01
https://conda.anaconda.org/conda-forge/linux-64/c-ares-1.34.8-hebe6cf0_2.conda#3ad2b403be8fc5612b9159e2ce621f69
https://conda.anaconda.org/conda-forge/linux-64/gstreamer-orc-0.4.44-he11a670_0.conda#936fad7c4f913b163fdd196df1bd59d6
https://conda.anaconda.org/conda-forge/linux-64/keyutils-1.6.3-h7cc23a3_1.conda#ba55d1b89fd7775e67de8291029b4059
https://conda.anaconda.org/conda-forge/linux-64/libattr-2.5.2-hb03c661_1.conda#7e7f0a692eb62b95d3010563e7f963b6
https://conda.anaconda.org/conda-forge/linux-64/libdeflate-1.25-hd45a770_1.conda#40f9b31aa9cf007789867df0decd0492
https://conda.anaconda.org/conda-forge/linux-64/libev-4.33-h280c20c_3.conda#7bc31538d6e3fb349e897353969237ec
https://conda.anaconda.org/conda-forge/linux-64/libexpat-2.8.1-hecca717_1.conda#b24d3c612f71e7aa74158d92106318b2
https://conda.anaconda.org/conda-forge/linux-64/libffi-3.4.6-h2dba641_1.conda#ede4673863426c0883c0063d853bbd85
https://conda.anaconda.org/conda-forge/linux-64/libgcc-ng-16.2.0-h69a702a_4.conda#b3e52878163a841f6fb951989cc0b217
https://conda.anaconda.org/conda-forge/linux-64/libgfortran5-16.2.0-h6b99dfc_4.conda#c22348a769bb072b6184eb6f7f05e4f2
https://conda.anaconda.org/conda-forge/linux-64/libiconv-1.18-h0cb94f2_3.conda#f92233bf33e24a25668bb2119e2c51f9
https://conda.anaconda.org/conda-forge/linux-64/libltdl-2.4.3a-h5888daf_0.conda#8e5de39cab514fa908fcaa7ba37a8738
https://conda.anaconda.org/conda-forge/linux-64/liblzma-5.8.3-hb03c661_1.conda#1390b7c5ac0b1d8e447bc5efa6d3c8c2
https://conda.anaconda.org/conda-forge/linux-64/libnsl-2.0.1-hb9d3cd8_1.conda#d864d34357c3b65a4b731f78c0801dc4
https://conda.anaconda.org/conda-forge/linux-64/libogg-1.3.5-hd0c01bc_1.conda#68e52064ed3897463c0e958ab5c8f91b
https://conda.anaconda.org/conda-forge/linux-64/libopus-1.6.1-hebe6cf0_1.conda#8a1d977c3d77666406a40c0ab648ff52
https://conda.anaconda.org/conda-forge/linux-64/libpciaccess-0.19-hb03c661_1.conda#35fa2b34bbced424e6976d30f5fde576
https://conda.anaconda.org/conda-forge/linux-64/libstdcxx-16.2.0-h934c35e_4.conda#2f2ef0d96de5bdd8c1270ff22fdf9352
https://conda.anaconda.org/conda-forge/linux-64/libtasn1-4.21.0-hb03c661_1.conda#e9268f0d59cc7559d0e910b402cd437a
https://conda.anaconda.org/conda-forge/linux-64/libuuid-2.42.3-hcfc3c73_0.conda#74a0a409d9f4561265d36b789d3f398a
https://conda.anaconda.org/conda-forge/linux-64/libwebp-base-1.6.0-hd42ef1d_1.conda#9332b53d0ea93c5d39e33be03a0c611a
https://conda.anaconda.org/conda-forge/linux-64/libxcrypt-4.4.38-h280c20c_0.conda#f7a7ff5a6ab331e037abd34f379a631d
https://conda.anaconda.org/conda-forge/linux-64/ncurses-6.6-hdb14827_1.conda#ee6c0cd80a60961a1f48aa3e0b91f986
https://conda.anaconda.org/conda-forge/linux-64/openssl-3.1.8-h7b32b05_0.conda#83175d1dc0629e78efedbdabd7445445
https://conda.anaconda.org/conda-forge/linux-64/pthread-stubs-0.4-h7cc23a3_1004.conda#bb66b610707b811e3c65181a6431e7a8
https://conda.anaconda.org/conda-forge/linux-64/xorg-inputproto-2.3.2-hb9d3cd8_1003.conda#32623b33f2047dbc9ae2f2e8fd3880e9
https://conda.anaconda.org/conda-forge/linux-64/xorg-kbproto-1.0.7-hb9d3cd8_1003.conda#e87bfacb110d85e1eb6099c9ed8e7236
https://conda.anaconda.org/conda-forge/linux-64/xorg-libice-1.1.2-h280c20c_0.conda#85c9442aec283b4e464fa9ecc484a2f3
https://conda.anaconda.org/conda-forge/linux-64/xorg-libxau-1.0.12-h7cc23a3_2.conda#da33efee1a93603d92e06d4a2b68def6
https://conda.anaconda.org/conda-forge/linux-64/xorg-libxdmcp-1.1.5-hb03c661_2.conda#2e66c929f3d879708335b6ea4557c838
https://conda.anaconda.org/conda-forge/linux-64/xorg-renderproto-0.11.1-hb9d3cd8_1003.conda#bf90782559bce8447609933a7d45995a
https://conda.anaconda.org/conda-forge/linux-64/xorg-xextproto-7.3.0-hb9d3cd8_1004.conda#bc4cd53a083b6720d61a1519a1900878
https://conda.anaconda.org/conda-forge/linux-64/xorg-xproto-7.0.31-hb9d3cd8_1008.conda#a63f5b66876bb1ec734ab4bdc4d11e86
https://conda.anaconda.org/conda-forge/linux-64/yaml-0.2.5-hebe6cf0_3.conda#e741576fb8f89821ac7c1c537322a33d
https://conda.anaconda.org/conda-forge/linux-64/alsa-lib-1.2.8-h166bdaf_0.tar.bz2#be733e69048951df1e4b4b7bb8c7666f
https://conda.anaconda.org/conda-forge/linux-64/attr-2.5.2-hb03c661_1.conda#9bb149f49de3f322fca007283eaa2725
https://conda.anaconda.org/conda-forge/linux-64/expat-2.8.1-hecca717_1.conda#e211a78613b9d50a096644b97cede8f7
https://conda.anaconda.org/conda-forge/linux-64/gettext-tools-0.25.1-h3f43e3d_1.conda#a59c05d22bdcbb4e984bf0c021a2a02f
https://repo.anaconda.com/pkgs/main/linux-64/giflib-5.2.1-h7b6447c_0.conda#c2583ad8de5051f19479580c58336f15
https://conda.anaconda.org/conda-forge/linux-64/gmp-6.3.0-hfd2156b_3.conda#576e32739f323438bf69ab006c21be7b
https://conda.anaconda.org/conda-forge/linux-64/graphite2-1.3.15-h54a6638_1.conda#f9fe2984587fa8235a6af6004760cd18
https://conda.anaconda.org/conda-forge/linux-64/jpeg-9e-h166bdaf_2.tar.bz2#ee8b844357a0946870901c7c6f418268
https://conda.anaconda.org/conda-forge/linux-64/lame-3.100-h166bdaf_1003.tar.bz2#a8832b479f93521a9e7b5b743803be51
https://conda.anaconda.org/conda-forge/linux-64/lerc-4.2.0-hdb68285_0.conda#fb9d356b1a57d6d54768be7ebd5fce09
https://conda.anaconda.org/conda-forge/linux-64/libaec-1.1.5-h088129d_0.conda#86f7414544ae606282352fa1e116b41f
https://conda.anaconda.org/conda-forge/linux-64/libasprintf-0.25.1-h3f43e3d_1.conda#3b0d184bc9404516d418d4509e418bdc
https://conda.anaconda.org/conda-forge/linux-64/libdrm-2.4.129-h7cc23a3_0.conda#64cc91512b6278c315349dc13c53f680
https://conda.anaconda.org/conda-forge/linux-64/libedit-3.1.20250104-pl5321h373387f_1.conda#50708d3b951d0f8e2d7f2df5b5edc040
https://conda.anaconda.org/conda-forge/linux-64/libevent-2.1.10-h28343ad_4.tar.bz2#4a049fc560e00e43151dc51368915fdd
https://conda.anaconda.org/conda-forge/linux-64/libflac-1.5.0-he200343_1.conda#47595b9d53054907a00d95e4d47af1d6
https://conda.anaconda.org/conda-forge/linux-64/libgettextpo-0.25.1-h3f43e3d_1.conda#2f4de899028319b27eb7a4023be5dfd2
https://conda.anaconda.org/conda-forge/linux-64/libgfortran-16.2.0-h69a702a_4.conda#5e92b8413fd1c8f8f3006f4661b12def
https://conda.anaconda.org/conda-forge/linux-64/libglu-9.0.3-h5888daf_1.conda#8422fcc9e5e172c91e99aef703b3ce65
https://conda.anaconda.org/conda-forge/linux-64/libgpg-error-1.61-h54a6638_2.conda#d42eda95b8dfc91f3cc48d950efec715
https://conda.anaconda.org/pytorch/linux-64/libjpeg-turbo-2.0.0-h9bf148f_0.tar.bz2#0b3e9c9b60b181ed49c99c115fcab898
https://conda.anaconda.org/conda-forge/linux-64/liblzma-devel-5.8.3-hb03c661_1.conda#6d83d6a332c19424e9e66b69b180ec11
https://conda.anaconda.org/conda-forge/linux-64/libstdcxx-ng-16.2.0-hdf11a46_4.conda#de0dceacf3e33c5fc88e167885dc8274
https://conda.anaconda.org/conda-forge/linux-64/libtool-2.5.4-h5888daf_0.conda#90697d80c181414aa3472199e136a04e
https://conda.anaconda.org/conda-forge/linux-64/libunistring-0.9.10-h7f98852_0.tar.bz2#7245a044b4a1980ed83196176b78b73a
https://repo.anaconda.com/pkgs/main/linux-64/libuv-1.40.0-h7b6447c_0.conda#bb1eff3862d3729995c38fc1f5d71ca4
https://conda.anaconda.org/conda-forge/linux-64/libvorbis-1.3.7-h54a6638_2.conda#b4ecbefe517ed0157c37f8182768271c
https://conda.anaconda.org/conda-forge/linux-64/libxcb-1.13-h7f98852_1004.tar.bz2#b3653fdc58d03face9724f602218a904
https://conda.anaconda.org/conda-forge/linux-64/libzlib-1.2.13-h4ab18f5_6.conda#27329162c0dc732bcf67a4e0cd488125
https://conda.anaconda.org/conda-forge/linux-64/mpg123-1.32.9-h8142553_0.conda#0dae03fd088c1ca13a8f6c9e5508e36c
https://conda.anaconda.org/conda-forge/linux-64/nettle-3.9.1-h7ab15ed_0.conda#2bf1915cc107738811368afcb0993a59
https://conda.anaconda.org/conda-forge/linux-64/nspr-4.40-h29cc59b_0.conda#4ebda462e16da6e6164cb82b9d58fcea
https://conda.anaconda.org/conda-forge/linux-64/opencl-headers-2025.06.13-hecca717_0.conda#c930c8052d780caa41216af7de472226
https://conda.anaconda.org/conda-forge/linux-64/p11-kit-0.24.1-hc5aa10d_0.tar.bz2#56ee94e34b71742bbdfa832c974e47a8
https://conda.anaconda.org/conda-forge/linux-64/pixman-0.46.4-h54a6638_3.conda#0ee5bb30034b081a1386c1e2c98ab0a7
https://conda.anaconda.org/conda-forge/linux-64/readline-8.3-hd6e31c0_1.conda#69c01c781e7c8190bbdaf79e3848c5ca
https://conda.anaconda.org/conda-forge/linux-64/x265-3.5-h73f68a7_4.conda#5b049cd7e2149701a5e4e7dc90f00075
https://conda.anaconda.org/conda-forge/linux-64/xkeyboard-config-2.38-h0b41bf4_0.conda#9ac34337e5101a87e5d91da05d84aa48
https://conda.anaconda.org/conda-forge/linux-64/xorg-fixesproto-5.0-hb9d3cd8_1003.conda#19fe37721037acc0a1ed76b8cf937359
https://conda.anaconda.org/conda-forge/linux-64/xorg-libsm-1.2.6-h0d788c3_1.conda#aa7459ed9ad086ba11dda843d764b33d
https://conda.anaconda.org/conda-forge/linux-64/xz-gpl-tools-5.8.3-ha02ee65_1.conda#137db930adb0b3c5407485e0e1a50cfa
https://conda.anaconda.org/conda-forge/linux-64/xz-tools-5.8.3-hb03c661_1.conda#10d693a2db6e8339e4eebcb3a3dae88d
https://conda.anaconda.org/conda-forge/linux-64/aom-3.5.0-h27087fc_0.tar.bz2#a08150fd2298460cd1fcccf626305642
https://conda.anaconda.org/nvidia/linux-64/cudatoolkit-11.3.1-ha36c431_9.tar.bz2#622c4825c95afbc11ce35ce9911ae4b5
https://conda.anaconda.org/conda-forge/linux-64/fftw-3.3.11-nompi_h3b011a4_100.conda#0717f4eb3d18259358a1fa77edb18917
https://conda.anaconda.org/conda-forge/linux-64/icu-70.1-h27087fc_0.tar.bz2#87473a15119779e021c314249d4b4aed
https://conda.anaconda.org/conda-forge/linux-64/krb5-1.20.1-h81ceb04_0.conda#89a41adce7106749573d883b2f657d78
https://conda.anaconda.org/conda-forge/linux-64/libabseil-20230125.3-cxx17_h59595ed_0.conda#1804f3375e32dcf6d75fc69aeb591616
https://conda.anaconda.org/conda-forge/linux-64/libasprintf-devel-0.25.1-h3f43e3d_1.conda#fd9cf4a11d07f0ef3e44fc061611b1ed
https://conda.anaconda.org/conda-forge/linux-64/libcap-2.67-he9d0100_0.conda#d05556c80caffff164d17bdea0105a1a
https://conda.anaconda.org/nvidia/linux-64/libcufile-1.14.1.1-4.conda#8daddcaa66bbcb878552c4bf37599ca8
https://conda.anaconda.org/nvidia/linux-64/libcurand-10.3.10.19-0.conda#21dcbdfb0482a369aab2b1e0abb6a399
https://conda.anaconda.org/conda-forge/linux-64/libdb-6.2.32-h9c3ff4c_0.tar.bz2#3f3258d8f841fbac63b36b75bdac1afd
https://conda.anaconda.org/conda-forge/linux-64/libgcrypt-lib-1.12.2-h7cc23a3_2.conda#d41f64fd667061c0fe8524f2c878ae93
https://conda.anaconda.org/conda-forge/linux-64/libgettextpo-devel-0.25.1-h3f43e3d_1.conda#3f7a43b3160ec0345c9535a9f0d7908e
https://conda.anaconda.org/conda-forge/linux-64/libgfortran-ng-16.2.0-h69a702a_4.conda#02101682ef8d41eba983136613eba99e
https://conda.anaconda.org/conda-forge/linux-64/libidn2-2.3.8-hfac485b_1.conda#842a81de672ddcf476337c8bde3cad33
https://repo.anaconda.com/pkgs/main/linux-64/liblief-0.10.1-he6710b0_0.conda#e94229a88ed005d459840a76aebf1875
https://conda.anaconda.org/conda-forge/linux-64/libnghttp2-1.58.0-h47da74e_0.conda#9b13d5ee90fc9f09d54fd403247342b4
https://conda.anaconda.org/conda-forge/linux-64/libpng-1.6.43-h2797004_0.conda#009981dd9cfcaa4dbfa25ffaed86bcae
https://conda.anaconda.org/conda-forge/linux-64/libprotobuf-3.21.12-hfc55251_2.conda#e3a7d4ba09b8dc939b98fef55f539220
https://conda.anaconda.org/conda-forge/linux-64/libsndfile-1.2.2-hc7d488a_2.conda#067590f061c9f6ea7e61e3b2112ed6b3
https://conda.anaconda.org/conda-forge/linux-64/libsqlite-3.46.0-hde9e2c9_0.conda#18aa975d2094c34aef978060ae7da7d8
https://conda.anaconda.org/conda-forge/linux-64/libssh2-1.11.0-h0841786_0.conda#1f5a58e686b13bcfde88b93f547d23fe
https://conda.anaconda.org/conda-forge/linux-64/libvpx-1.11.0-h9c3ff4c_3.tar.bz2#ebe18273eebadbb4dfb13f1062e054e9
https://conda.anaconda.org/conda-forge/linux-64/llvm-openmp-15.0.7-h0cdce71_0.conda#589c9a3575a050b583241c3d688ad9aa
https://conda.anaconda.org/conda-forge/linux-64/lz4-c-1.9.4-hcb278e6_0.conda#318b08df404f9c9be5712aaa5a6f0bb0
https://conda.anaconda.org/conda-forge/linux-64/mpfr-4.2.2-ha2cb11d_1.conda#7dcc10f6c0bc3596d5519a710a84dfd4
https://conda.anaconda.org/conda-forge/linux-64/mysql-common-8.0.33-hf1915f5_6.conda#80bf3b277c120dd294b51d404b931a75
https://conda.anaconda.org/conda-forge/linux-64/ocl-icd-2.3.4-hb03c661_1.conda#c2871ba95727fd1382c05db66048b64c
https://conda.anaconda.org/conda-forge/linux-64/openh264-2.3.1-hcb278e6_2.conda#37d01894f256b2a6921c5a218f42f8a2
https://repo.anaconda.com/pkgs/main/linux-64/patchelf-0.13-h295c915_0.conda#546bd64a8cbb7d261fd1e5236cac9369
https://conda.anaconda.org/conda-forge/linux-64/pcre2-10.43-hcad00b1_0.conda#8292dea9e022d9610a11fce5e0896ed8
https://conda.anaconda.org/conda-forge/linux-64/re2-2023.03.02-h8c504da_0.conda#206f8fa808748f6e90599c3368a1114e
https://conda.anaconda.org/conda-forge/linux-64/svt-av1-1.4.1-hcb278e6_0.conda#2b32b8a10fa6ec9c18c897c4527720dc
https://conda.anaconda.org/conda-forge/linux-64/tbb-2021.7.0-h924138e_0.tar.bz2#819421f81b127a5547bf96ad57eccdd9
https://conda.anaconda.org/conda-forge/linux-64/tk-8.6.13-noxft_h4845f30_101.conda#d453b98d9c83e71da0741bb0ff4d76bc
https://conda.anaconda.org/conda-forge/linux-64/xcb-util-0.4.0-h516909a_0.tar.bz2#a88ab22508ba067b689dc12696157cee
https://conda.anaconda.org/conda-forge/linux-64/xcb-util-keysyms-0.4.0-h516909a_0.tar.bz2#d04a6285315c4f03ebaf37355be272f9
https://conda.anaconda.org/conda-forge/linux-64/xcb-util-renderutil-0.3.9-h166bdaf_0.tar.bz2#732e22f1741bccea861f5668cf7342a7
https://conda.anaconda.org/conda-forge/linux-64/xcb-util-wm-0.4.1-h516909a_0.tar.bz2#847df113dba16f0079758cacf9024409
https://conda.anaconda.org/conda-forge/linux-64/xorg-libx11-1.8.4-h0b41bf4_0.conda#ea8fbfeb976ac49cbeb594e985393514
https://conda.anaconda.org/conda-forge/linux-64/xz-5.8.3-ha02ee65_1.conda#36a079606b3aaf9d726211825f182452
https://conda.anaconda.org/conda-forge/linux-64/zlib-1.2.13-h4ab18f5_6.conda#559d338a4234c2ad6e676f460a093e67
https://conda.anaconda.org/conda-forge/linux-64/zstd-1.5.6-ha6fb4c9_0.conda#4d056880988120e29d75bfff282e0f45
https://conda.anaconda.org/nvidia/linux-64/cuda-opencl-12.9.19-0.conda#3c20df1172e66379f7717bedf8ac16d4
https://conda.anaconda.org/conda-forge/linux-64/freetype-2.12.1-h267a509_2.conda#9ae35c3d96db2c94ce0cef86efdfa2cb
https://conda.anaconda.org/conda-forge/linux-64/gettext-0.25.1-h3f43e3d_1.conda#c42356557d7f2e37676e121515417e3b
https://conda.anaconda.org/conda-forge/linux-64/gnutls-3.7.9-hb077bed_0.conda#33eded89024f21659b1975886a4acf70
https://conda.anaconda.org/conda-forge/linux-64/hdf5-1.14.0-nompi_hb72d44e_103.conda#975973a4350ab45ff1981fe535a12af5
https://conda.anaconda.org/conda-forge/linux-64/jack-1.9.22-h11f4161_0.conda#504fa9e712b99494a9cf4630e3ca7d78
https://repo.anaconda.com/pkgs/main/linux-64/libarchive-3.4.2-h62408e4_0.conda#da258dddbbcd789bf79b6051cbc228ab
https://conda.anaconda.org/conda-forge/linux-64/libcups-2.3.3-h36d4200_3.conda#c9f4416a34bc91e0eb029f912c68f81f
https://conda.anaconda.org/conda-forge/linux-64/libcurl-8.1.2-h409715c_0.conda#50c873c9660ed116707ae15b663928d8
https://conda.anaconda.org/conda-forge/linux-64/libgcrypt-devel-1.12.2-h7cc23a3_2.conda#9d124596b3081d5c22bceeaf0d706362
https://conda.anaconda.org/conda-forge/linux-64/libgcrypt-tools-1.12.2-h7cc23a3_2.conda#7305fab503f7546526e4cc26eaf93a67
https://conda.anaconda.org/conda-forge/linux-64/libglib-2.80.2-hf974151_0.conda#72724f6a78ecb15559396966226d5838
https://conda.anaconda.org/conda-forge/linux-64/libgrpc-1.54.3-hb20ce57_0.conda#7af7c59ab24db007dfd82e0a3a343f66
https://conda.anaconda.org/conda-forge/linux-64/libopenblas-0.3.25-pthreads_h413a1c8_0.conda#d172b34a443b95f86089e8229ddc9a17
https://conda.anaconda.org/conda-forge/linux-64/libpq-15.3-hbcd7760_1.conda#8afb2a97d256ffde95b91a6283bc598c
https://conda.anaconda.org/conda-forge/linux-64/libtiff-4.5.0-h6adf6a1_2.conda#2e648a34072eb39d7c4fc2a9981c5f0c
https://conda.anaconda.org/conda-forge/linux-64/libudev1-253-h0b41bf4_1.conda#bb38b19a41bb94e8a19dbfb062d499c7
https://conda.anaconda.org/conda-forge/linux-64/libxml2-2.10.3-hca2bb57_4.conda#bb808b654bdc3c783deaf107a2ffb503
https://conda.anaconda.org/conda-forge/linux-64/mkl-2023.2.0-ha770c72_50498.conda#fe8ed9c8ff2e69e5cf24151f50dcf697
https://conda.anaconda.org/conda-forge/linux-64/mpc-1.4.0-ha2cb11d_1.conda#f0f6c8691a9ed4099d1f287a444e251a
https://conda.anaconda.org/conda-forge/linux-64/mysql-libs-8.0.33-hca2cd23_6.conda#e87530d1b12dd7f4e0f856dc07358d60
https://conda.anaconda.org/conda-forge/linux-64/nss-3.100-hca3bf56_0.conda#949c4a82290ee58b3c970cef4bcfd4ad
https://conda.anaconda.org/conda-forge/linux-64/python-3.8.18-hd12c33a_0_cpython.conda#334cb629e10d209f1c17630f653168b1
https://repo.anaconda.com/pkgs/main/linux-64/sqlite-3.37.0-hc218d9a_0.conda#a1460295556dd9c7228122c860a7ca29
https://conda.anaconda.org/conda-forge/linux-64/xcb-util-image-0.4.0-h166bdaf_0.tar.bz2#c9b568bd804cb2903c6be6f5f68182e4
https://conda.anaconda.org/conda-forge/linux-64/xorg-libxext-1.3.4-h0b41bf4_2.conda#82b6df12252e6f32402b96dacc656fec
https://conda.anaconda.org/conda-forge/linux-64/xorg-libxfixes-5.0.3-h7f98852_1004.tar.bz2#e9a21aa4d5e3e5f1aed71e8cefd46b6a
https://conda.anaconda.org/conda-forge/linux-64/xorg-libxrender-0.9.10-h7f98852_1003.tar.bz2#f59c1242cc1dd93e72c2ee2b360979eb
https://repo.anaconda.com/pkgs/main/noarch/backcall-0.2.0-pyhd3eb1b0_0.tar.bz2#b2aa5503875aba2f1d88cae9df9a96d5
https://conda.anaconda.org/conda-forge/linux-64/blas-1.0-mkl.tar.bz2#349aef876b1d8c9dccae01de20d5b385
https://conda.anaconda.org/conda-forge/linux-64/brotli-python-1.1.0-py38h17151c0_1.conda#7a5a699c8992fc51ef25e980f4502c2a
https://conda.anaconda.org/conda-forge/noarch/certifi-2024.8.30-pyhd8ed1ab_0.conda#12f7d00853807b0531775e9be891cb11
https://repo.anaconda.com/pkgs/main/linux-64/chardet-4.0.0-py38h06a4308_1003.conda#a45f3efc4830696e43d55bca0626f750
https://conda.anaconda.org/conda-forge/noarch/charset-normalizer-3.4.0-pyhd8ed1ab_0.conda#a374efa97290b8799046df7c5ca17164
https://conda.anaconda.org/conda-forge/noarch/colorama-0.4.6-pyhd8ed1ab_0.tar.bz2#3faab06a954c2a04039983f2c4a50d99
https://conda.anaconda.org/conda-forge/noarch/colorlog-6.9.0-pyh707e725_0.conda#17346e41a3248fec4e6385f275c46971
https://conda.anaconda.org/nvidia/linux-64/cuda-libraries-12.1.0-0.tar.bz2#8c08238819848e471a6213db526dbf15
https://conda.anaconda.org/conda-forge/noarch/dataclasses-0.8-pyhc8e2a94_3.tar.bz2#a362b2124b06aad102e2ee4581acee7d
https://conda.anaconda.org/conda-forge/linux-64/dbus-1.13.6-h5008d03_3.tar.bz2#ecfff944ba3960ecb334b9a2663d708d
https://repo.anaconda.com/pkgs/main/noarch/decorator-5.1.1-pyhd3eb1b0_0.conda#4d969aac32a0faf84af90c797bfc7fec
https://conda.anaconda.org/conda-forge/noarch/exceptiongroup-1.2.2-pyhd8ed1ab_0.conda#d02ae936e42063ca46af6cdad2dbd1e0
https://conda.anaconda.org/conda-forge/noarch/filelock-3.16.1-pyhd8ed1ab_0.conda#916f8ec5dd4128cd5f207a3c4c07b2c6
https://conda.anaconda.org/conda-forge/linux-64/fontconfig-2.14.2-h14ed4e7_0.conda#0f69b688f52ff6da70bccb7ff7001d1d
https://conda.anaconda.org/conda-forge/noarch/freetype-py-2.5.1-pyhd8ed1ab_0.conda#b5640e5240ba9474cad5a9f7e2955142
https://conda.anaconda.org/conda-forge/noarch/fsspec-2024.10.0-pyhff2d567_0.conda#816dbc4679a64e4417cd1385d661bb31
https://conda.anaconda.org/conda-forge/noarch/future-1.0.0-pyhd8ed1ab_0.conda#650a7807e689642dddd3590eb817beed
https://conda.anaconda.org/conda-forge/linux-64/glib-tools-2.80.2-hb6ce0ca_0.conda#a965aeaf060289528a3fbe09326edae2
https://repo.anaconda.com/pkgs/main/noarch/glob2-0.7-pyhd3eb1b0_0.tar.bz2#bdf20ceeffa1bcfe549ec6400afe0426
https://conda.anaconda.org/conda-forge/linux-64/gmpy2-2.1.5-py38h6a1700d_1.conda#6989d364d2e53f34190a86aca5b5a0b0
https://conda.anaconda.org/conda-forge/noarch/hpack-4.0.0-pyh9f0ad1d_0.tar.bz2#914d6646c4dbb1fd3ff539830a12fd71
https://conda.anaconda.org/conda-forge/noarch/hyperframe-6.0.1-pyhd8ed1ab_0.tar.bz2#9f765cbfab6870c8435b9eefecd7a1f4
https://conda.anaconda.org/conda-forge/noarch/idna-3.10-pyhd8ed1ab_0.conda#7ba2ede0e7c795ff95088daf0dc59753
https://conda.anaconda.org/conda-forge/noarch/iniconfig-2.0.0-pyhd8ed1ab_0.conda#f800d2da156d08e289b14e87e43c1ae5
https://conda.anaconda.org/conda-forge/linux-64/lcms2-2.15-hfd0df8a_0.conda#aa8840cdf17ef0c6084d1e24abc7a28b
https://conda.anaconda.org/conda-forge/linux-64/libblas-3.9.0-20_linux64_mkl.conda#8bf521f6007b0b0eb91515a1165b5d85
https://conda.anaconda.org/conda-forge/linux-64/libgcrypt-1.12.2-ha770c72_2.conda#9b60e73e62433df9e16378cd4f198dd0
https://conda.anaconda.org/conda-forge/linux-64/libllvm15-15.0.7-hadd5161_1.conda#17d91085ccf5934ce652cb448d0cb65a
https://conda.anaconda.org/conda-forge/linux-64/libva-2.18.0-h0b41bf4_0.conda#56e049224de34bbe0478aad422227942
https://repo.anaconda.com/pkgs/main/linux-64/libwebp-1.2.2-h55f646e_0.conda#c9ed6bddefc09dbfc246301c3ce3ca14
https://conda.anaconda.org/conda-forge/linux-64/libxkbcommon-1.5.0-h79f4944_1.conda#04a39cdd663f295653fc143851830563
https://conda.anaconda.org/conda-forge/linux-64/libxslt-1.1.37-h873f0b0_0.tar.bz2#ed0d77d947ddeb974892de8df7224d12
https://conda.anaconda.org/conda-forge/linux-64/markupsafe-2.1.5-py38h01eb140_0.conda#aeeb09febb02542e020c3ba7084ead01
https://conda.anaconda.org/conda-forge/noarch/mpmath-1.3.0-pyhd8ed1ab_0.conda#dbf6e2d89137da32fa6670f3bffc024e
https://conda.anaconda.org/conda-forge/noarch/networkx-3.1-pyhd8ed1ab_0.conda#254f787d5068bc89f578bf63893ce8b4
https://conda.anaconda.org/conda-forge/linux-64/openjpeg-2.5.0-hfec8fc6_2.conda#5ce6a42505c6e9e6151c54c3ec8d68ea
https://conda.anaconda.org/conda-forge/noarch/opt_einsum-3.4.0-pyhd8ed1ab_0.conda#ff80afedd76f436acddbd1e14f5c2909
https://conda.anaconda.org/conda-forge/noarch/packaging-26.2-pyhc364b38_0.conda#4c06a92e74452cfa53623a81592e8934
https://repo.anaconda.com/pkgs/main/noarch/parso-0.8.3-pyhd3eb1b0_0.conda#c6f0f6219bf5ce2b510ef4b75cbc3e01
https://repo.anaconda.com/pkgs/main/noarch/pickleshare-0.7.5-pyhd3eb1b0_1003.conda#4a6363fd8dda664b95f99f7c5aa95abc
https://repo.anaconda.com/pkgs/main/noarch/pkginfo-1.8.2-pyhd3eb1b0_0.conda#7bec61c8f60b7a74dc1abc743115edfe
https://conda.anaconda.org/conda-forge/noarch/platformdirs-4.3.6-pyhd8ed1ab_0.conda#fd8f2b18b65bbf62e8f653100690c8d2
https://conda.anaconda.org/conda-forge/noarch/pluggy-1.5.0-pyhd8ed1ab_0.conda#d3483c8fc2dc2cc3f5cf43e26d60cabf
https://conda.anaconda.org/conda-forge/linux-64/portalocker-2.10.1-py38h578d9bd_0.conda#1c82c61b63c1530b5c3154be8e008f84
https://repo.anaconda.com/pkgs/main/linux-64/psutil-5.8.0-py38h27cfd23_1.conda#62e8566b28df8e8d2eaa80d432737440
https://repo.anaconda.com/pkgs/main/noarch/ptyprocess-0.7.0-pyhd3eb1b0_2.conda#7441d2827d4bfbcc1fa308875a146246
https://repo.anaconda.com/pkgs/main/linux-64/py-lief-0.10.1-py38h403a769_0.conda#ad8be42248839b5464e2b08636ca36f0
https://repo.anaconda.com/pkgs/main/linux-64/pycosat-0.6.3-py38h7b6447c_1.conda#4549fa8bc89c922705e0d20374076081
https://conda.anaconda.org/conda-forge/noarch/pycparser-2.22-pyhd8ed1ab_0.conda#844d9eb3b43095b031874477f7d70088
https://repo.anaconda.com/pkgs/main/noarch/pygments-2.11.2-pyhd3eb1b0_0.conda#eff55c770961f459a734cf86768aac98
https://conda.anaconda.org/conda-forge/noarch/pyopengl-3.1.6-pyhd8ed1ab_1.tar.bz2#c968eb974b0fae4676e7a7858c4cc56e
https://conda.anaconda.org/conda-forge/noarch/pysocks-1.7.1-pyha2e5f31_6.tar.bz2#2a7de29fb590ca14b5243c4c812c8025
https://repo.anaconda.com/pkgs/main/noarch/python-libarchive-c-2.9-pyhd3eb1b0_1.conda#4b33c603892dbf54546afc1bc0122a56
https://repo.anaconda.com/pkgs/main/noarch/pytz-2021.3-pyhd3eb1b0_0.conda#76415b791ffd2007687ac5f0665aa7af
https://conda.anaconda.org/conda-forge/linux-64/pyyaml-6.0.2-py38h2019614_0.conda#47a3b59acbb1626316500e178e25b944
https://repo.anaconda.com/pkgs/main/linux-64/ruamel_yaml-0.15.100-py38h27cfd23_0.conda#8c730d152d02992fd6c82a5dffee98f3
https://conda.anaconda.org/conda-forge/noarch/setuptools-75.3.0-pyhd8ed1ab_0.conda#2ce9825396daf72baabaade36cee16da
https://conda.anaconda.org/conda-forge/noarch/six-1.16.0-pyh6c4a22f_0.tar.bz2#e5f25f8dbc060e9a8d912e432202afc2
https://repo.anaconda.com/pkgs/main/noarch/soupsieve-2.3.1-pyhd3eb1b0_0.conda#4794d40136a3432a241ff1454d2ac99c
https://conda.anaconda.org/conda-forge/noarch/tabulate-0.9.0-pyhd8ed1ab_1.tar.bz2#4759805cce2d914c38472f70bf4d8bcb
https://conda.anaconda.org/conda-forge/noarch/termcolor-2.4.0-pyhd8ed1ab_0.conda#a5033708ad9283907c3b1bc1f90d0d0d
https://conda.anaconda.org/conda-forge/noarch/threadpoolctl-3.5.0-pyhc1e730c_0.conda#df68d78237980a159bd7149f33c0e8fd
https://conda.anaconda.org/conda-forge/noarch/tomli-2.0.2-pyhd8ed1ab_0.conda#e977934e00b355ff55ed154904044727
https://repo.anaconda.com/pkgs/main/noarch/traitlets-5.1.1-pyhd3eb1b0_0.conda#675f60e84f695e63749b09f9ed464eda
https://conda.anaconda.org/conda-forge/noarch/typeguard-2.13.3-pyhd8ed1ab_0.tar.bz2#af104e581c40c72813864454962e1795
https://conda.anaconda.org/conda-forge/noarch/typing_extensions-4.12.2-pyha770c72_0.conda#ebe6952715e1d5eb567eeebf25250fa7
https://repo.anaconda.com/pkgs/main/noarch/wcwidth-0.2.5-pyhd3eb1b0_0.conda#ffa649340272c3f6466ba01da254c3b0
https://conda.anaconda.org/conda-forge/noarch/wheel-0.45.1-pyhd8ed1ab_0.conda#bdb2f437ce62fd2f1fef9119a37a12d9
https://conda.anaconda.org/conda-forge/linux-64/xorg-libxi-1.7.10-h7f98852_0.tar.bz2#e77615e5141cad5a2acaa043d1cf0ca5
https://conda.anaconda.org/conda-forge/noarch/zipp-3.21.0-pyhd8ed1ab_0.conda#fee389bf8a4843bd7a2248ce11b7f188
https://repo.anaconda.com/pkgs/main/noarch/beautifulsoup4-4.10.0-pyh06a4308_0.conda#f3fe3780dca5970db073d5e96dc673a0
https://conda.anaconda.org/conda-forge/linux-64/cairo-1.16.0-ha61ee94_1014.tar.bz2#d1a88f3ed5b52e1024b80d4bcd26a7a0
https://conda.anaconda.org/conda-forge/linux-64/cffi-1.17.0-py38heb5c249_0.conda#b41a6ee3a5b044185b5f46aaf6082388
https://conda.anaconda.org/nvidia/linux-64/cuda-runtime-12.1.0-0.tar.bz2#95e8c2f09ec28cce7cdecd6200b5d26e
https://conda.anaconda.org/conda-forge/linux-64/ffmpeg-5.1.2-gpl_h8dda1f0_106.conda#6845420373a9e260942bfbc5c786a4bb
https://conda.anaconda.org/conda-forge/linux-64/freeglut-3.2.2-h9c3ff4c_1.tar.bz2#1192066d1296de9b492175a4cf43fe8a
https://conda.anaconda.org/conda-forge/linux-64/glib-2.80.2-hf974151_0.conda#d427988dc3dbd0a4c136f52db356cc6a
https://conda.anaconda.org/conda-forge/noarch/h2-4.1.0-pyhd8ed1ab_0.tar.bz2#b748fbf7060927a6e82df7cb5ee8f097
https://conda.anaconda.org/conda-forge/noarch/importlib-metadata-8.5.0-pyha770c72_0.conda#54198435fce4d64d8a89af22573012a8
https://repo.anaconda.com/pkgs/main/linux-64/jedi-0.18.1-py38h06a4308_1.conda#daaed2e61438e920e0f0d64293bd9b6d
https://conda.anaconda.org/conda-forge/noarch/jinja2-3.1.4-pyhd8ed1ab_0.conda#7b86ecb7d3557821c649b3c31e3eb9f2
https://conda.anaconda.org/conda-forge/linux-64/libcblas-3.9.0-20_linux64_mkl.conda#7a2972758a03adc92d856072c71c9170
https://conda.anaconda.org/conda-forge/linux-64/libclang13-15.0.7-default_h5d6823c_5.conda#3ae6600870a7764ba5458d25c53466cc
https://conda.anaconda.org/conda-forge/linux-64/liblapack-3.9.0-20_linux64_mkl.conda#2981ab1b2d80e1e5f56df302bf3139eb
https://conda.anaconda.org/conda-forge/linux-64/libsystemd0-253-h8c4010b_1.conda#9176b1e2cb8beca37a7510b0e801e38f
https://conda.anaconda.org/conda-forge/linux-64/lxml-4.9.2-py38h215a2d7_0.conda#f95c2a5ae39b0869fd9eff91538fe65b
https://repo.anaconda.com/pkgs/main/noarch/matplotlib-inline-0.1.2-pyhd3eb1b0_2.conda#47e865f8b884de7c5d516349e83457a7
https://repo.anaconda.com/pkgs/main/linux-64/mkl-service-2.4.0-py38h7f8727e_0.conda#73681e1c8ed4e078f1ba6e7715eae882
https://repo.anaconda.com/pkgs/main/noarch/pexpect-4.8.0-pyhd3eb1b0_3.conda#765b2562d6cdd14bb6d44fc170a04331
https://conda.anaconda.org/conda-forge/noarch/pip-24.3.1-pyh8b19718_0.conda#5dd546fe99b44fda83963d15f84263b7
https://repo.anaconda.com/pkgs/main/noarch/prompt-toolkit-3.0.20-pyhd3eb1b0_0.conda#19fa1fa6a03645e39e7dce3bdbe9d72f
https://conda.anaconda.org/conda-forge/linux-64/protobuf-4.21.12-py38h8dc9893_0.conda#237767c44dee8908f533454f9f3cdaae
https://conda.anaconda.org/conda-forge/noarch/pytest-8.3.4-pyhd8ed1ab_0.conda#ff8f2ef7f2636906b3781d0cf92388d0
https://conda.anaconda.org/conda-forge/noarch/python-dateutil-2.9.0-pyhd8ed1ab_0.conda#2cf4264fffb9e6eff6031c5b6884d61c
https://conda.anaconda.org/conda-forge/noarch/sympy-1.13.3-pypyh2585a3b_103.conda#183b2087b43f5aa7e89e08f2069bcf7c
https://conda.anaconda.org/conda-forge/noarch/tqdm-4.67.1-pyhd8ed1ab_0.conda#4085c9db273a148e149c03627350e22c
https://conda.anaconda.org/conda-forge/noarch/treelib-1.7.0-pyhd8ed1ab_0.conda#3e27c8bc597ea8cfd885c5a68b0940a4
https://conda.anaconda.org/conda-forge/noarch/typing-extensions-4.12.2-hd8ed1ab_0.conda#52d648bd608f5737b123f510bb5514b5
https://conda.anaconda.org/conda-forge/noarch/yacs-0.1.8-pyhd8ed1ab_0.tar.bz2#193eeaf8f21582929a8955ac369752b3
https://repo.anaconda.com/pkgs/main/linux-64/brotlipy-0.7.0-py38h27cfd23_1003.conda#e881c8ee8a4048f29da5d20f0330fe37
https://repo.anaconda.com/pkgs/main/linux-64/conda-package-handling-1.7.3-py38h27cfd23_1.conda#58e44cbd56afd4bba804dac10c62eeb1
https://repo.anaconda.com/pkgs/main/linux-64/cryptography-36.0.0-py38h9ce1e76_0.conda#c09592544c145d9a803cf1cdb2b43b42
https://conda.anaconda.org/conda-forge/linux-64/gstreamer-1.22.0-h25f0c4b_2.conda#461541cb1b387c2a28ab6217f3d38502
https://conda.anaconda.org/conda-forge/linux-64/harfbuzz-6.0.0-h8e241bc_0.conda#448fe40d2fed88ccf4d9ded37cbb2b38
https://conda.anaconda.org/conda-forge/noarch/importlib_metadata-8.5.0-hd8ed1ab_1.conda#c70dd0718dbccdcc6d5828de3e71399d
https://conda.anaconda.org/conda-forge/noarch/iopath-0.1.10-pyhd8ed1ab_0.conda#36490f383e866282d4f0475aa8a8dd70
https://repo.anaconda.com/pkgs/main/linux-64/ipython-7.31.1-py38h06a4308_0.conda#e74ca0263ef60674ccb6abdb39559a27
https://conda.anaconda.org/conda-forge/linux-64/jasper-2.0.33-h0ff4b12_1.conda#753b7aa9da058b8cb4cd699b71c4bb77
https://conda.anaconda.org/conda-forge/linux-64/libclang-15.0.7-default_h127d8a8_5.conda#09b94dd3a7e304df5b83176239347920
https://conda.anaconda.org/conda-forge/linux-64/liblapacke-3.9.0-20_linux64_mkl.conda#3dea5e9be386b963d7f4368966e238b3
https://conda.anaconda.org/conda-forge/linux-64/numpy-1.23.5-py38h7042d01_0.conda#d5a3620cd8c1af4115120f21d678507a
https://repo.anaconda.com/pkgs/main/linux-64/numpy-base-1.21.2-py38h79a1101_0.conda#d04d70a31f4120f3127bf1a749dcbeaa
https://conda.anaconda.org/conda-forge/linux-64/pulseaudio-client-16.1-h5195f5e_3.conda#caeb3302ef1dc8b342b20c710a86f8a9
https://conda.anaconda.org/conda-forge/linux-64/pyglet-1.5.27-py38h578d9bd_4.conda#20b8c1a6c6769d1f9e828dcf0a7030df
https://conda.anaconda.org/pytorch/linux-64/pytorch-cuda-12.1-ha16c6d3_6.tar.bz2#0e94331f6f87bff1c229da02b0508693
https://conda.anaconda.org/conda-forge/linux-64/zstandard-0.23.0-py38h62bed22_0.conda#7cdf6cb1dcfbaf868ff42b15189f7e59
https://repo.anaconda.com/pkgs/main/noarch/conda-content-trust-0.1.1-pyhd3eb1b0_0.conda#c1141f2ca06c8fe258c419190278f26a
https://conda.anaconda.org/conda-forge/noarch/fvcore-0.1.5.post20221221-pyhd8ed1ab_0.conda#0a0797787d4c8d9f7b767da76774efad
https://conda.anaconda.org/conda-forge/linux-64/gst-plugins-base-1.22.0-h4243ec0_2.conda#0d0c6604c8ac4ad5e51efa7bb58da05c
https://conda.anaconda.org/conda-forge/noarch/imageio-2.36.0-pyh12aca89_1.conda#36349844ff73fcd0140ee7f30745f0bf
https://repo.anaconda.com/pkgs/main/linux-64/mkl_fft-1.3.1-py38hd3c417c_0.conda#f0cb7b8e06ed6eef75a1ba9c01a4550c
https://repo.anaconda.com/pkgs/main/linux-64/mkl_random-1.2.2-py38h51133e4_0.conda#1e3b7251e474e099a4bfd672fdca17d8
https://conda.anaconda.org/conda-forge/linux-64/ml_dtypes-0.2.0-py38h53bb729_2.conda#240be462fe0dff0a03e5bb0d6becc0cd
https://conda.anaconda.org/conda-forge/linux-64/pulseaudio-daemon-16.1-ha8d29e2_3.conda#34d9d75ca896f5919c372a34e25f23ea
https://conda.anaconda.org/conda-forge/noarch/pycollada-0.8-pyhd8ed1ab_0.conda#aafe2637593f43574d81008a9a2789c8
https://repo.anaconda.com/pkgs/main/noarch/pyopenssl-21.0.0-pyhd3eb1b0_1.conda#746be81549dbafdd5de39bba883006a1
https://conda.anaconda.org/conda-forge/noarch/tensorboardx-2.6.2.2-pyhd8ed1ab_0.conda#eddae4814ac4040d88009779fc1e2d9e
https://conda.anaconda.org/conda-forge/noarch/trimesh-4.5.3-pyhd8ed1ab_0.conda#56d7f35db43aafbe79a5e651d8e2e4fc
https://conda.anaconda.org/conda-forge/noarch/urllib3-2.2.3-pyhd8ed1ab_0.conda#6b55867f385dd762ed99ea687af32a69
https://conda.anaconda.org/conda-forge/linux-64/pulseaudio-16.1-hcb278e6_3.conda#8b452ab959166d91949af4c2d28f81db
https://conda.anaconda.org/conda-forge/noarch/requests-2.32.3-pyhd8ed1ab_0.conda#5ede4753180c7a550a443c430dc8ab52
https://conda.anaconda.org/conda-forge/noarch/huggingface_hub-0.26.5-pyhd8ed1ab_0.conda#37236111cd92068e5af2f98cbb476642
https://conda.anaconda.org/conda-forge/noarch/pooch-1.8.2-pyhd8ed1ab_0.conda#8dab97d8a9616e07d779782995710aed
https://conda.anaconda.org/conda-forge/linux-64/qt-main-5.15.8-h5d23da1_6.conda#59c73debd9405771690ddbbad6c57b69
https://conda.anaconda.org/pytorch/linux-64/torchtext-0.12.0-py38.tar.bz2#4f9be48eb9bf42a1cf7d498f92e0b425
https://conda.anaconda.org/conda-forge/linux-64/libopencv-4.7.0-py38hb32f1de_1.conda#92cc9b92d38ddd8e477bc1cdad921b81
https://conda.anaconda.org/conda-forge/linux-64/scipy-1.10.1-py38h59b608b_3.conda#2f2a57462fcfbc67dfdbb0de6f7484c2
https://conda.anaconda.org/conda-forge/linux-64/jaxlib-0.4.12-cpu_py38hb25f6ba_1.conda#07af3df0a31483d72629518cb15b8949
https://conda.anaconda.org/conda-forge/linux-64/py-opencv-4.7.0-py38h6f1a3b6_1.conda#b69d4f6a6b732ae03fc0a84d42c92ce9
https://conda.anaconda.org/conda-forge/noarch/pyrender-0.1.45-pyh8a188c0_3.tar.bz2#54eeab066e4b838e18000382d59512f6
https://conda.anaconda.org/conda-forge/noarch/jax-0.4.13-pyhd8ed1ab_0.conda#54edad7dd138bda83487607f793069b5
https://conda.anaconda.org/conda-forge/linux-64/opencv-4.7.0-py38h578d9bd_1.conda#0f8ea48a85736939876f6c161f99be59
https://conda.anaconda.org/conda-forge/noarch/urdfpy-0.0.22-pyha21a80b_3.conda#110578facece5103a4b6039d5fdb437e
https://conda.anaconda.org/conda-forge/linux-64/warp-lang-1.0.0-cpu38_h96a5bb7_1.conda#19ac80bb68e179c5541d8738e889b312
https://conda.anaconda.org/pytorch/linux-64/pytorch-2.1.0-py3.8_cuda12.1_cudnn8.9.2_0.tar.bz2#e928fd9ef32b17b872ca5f93e9026258
https://conda.anaconda.org/pytorch/linux-64/torchaudio-2.1.0-py38_cu121.tar.bz2#5f06248e5f9094d6387ed6c2ebbd7e9a
https://conda.anaconda.org/pytorch/linux-64/torchtriton-2.1.0-py38.tar.bz2#0a743ccd7e6e71de9d4bab3e27ae2f76
https://conda.anaconda.org/pytorch/linux-64/torchvision-0.16.0-py38_cu121.tar.bz2#4a2a8fd65f334ad1976793bf0b1a6270
https://conda.anaconda.org/pytorch3d/linux-64/pytorch3d-0.7.5-py38_cu121_pyt210.tar.bz2#3993f832dba0b3164a8876d652c5dfeb
